
Microsoft Visual Studio Solution File, Format Version 12.00
# Visual Studio Version 16
VisualStudioVersion = 16.0.29102.190
MinimumVisualStudioVersion = 10.0.40219.1
Project("{FAE04EC0-301F-11D3-BF4B-00C04F79EFBC}") = "Data Access Layer", "Data Access Layer\Data Access Layer.csproj", "{F4775111-7A5F-46C4-A78E-C97443FC1780}"
EndProject
Project("{FAE04EC0-301F-11D3-BF4B-00C04F79EFBC}") = "Business Logic Layer", "Business Logic Layer\Business Logic Layer.csproj", "{0F88473F-2F9A-4766-9C5A-8684147D4FE0}"
EndProject
Project("{FAE04EC0-301F-11D3-BF4B-00C04F79EFBC}") = "WepApiStore", "WepApiStore\WepApiStore.csproj", "{53F37FD1-4DBC-4E1C-BF0B-84555D7E682D}"
EndProject
Global
	GlobalSection(SolutionConfigurationPlatforms) = preSolution
		Debug|Any CPU = Debug|Any CPU
		Release|Any CPU = Release|Any CPU
	EndGlobalSection
	GlobalSection(ProjectConfigurationPlatforms) = postSolution
		{F4775111-7A5F-46C4-A78E-C97443FC1780}.Debug|Any CPU.ActiveCfg = Debug|Any CPU
		{F4775111-7A5F-46C4-A78E-C97443FC1780}.Debug|Any CPU.Build.0 = Debug|Any CPU
		{F4775111-7A5F-46C4-A78E-C97443FC1780}.Release|Any CPU.ActiveCfg = Release|Any CPU
		{F4775111-7A5F-46C4-A78E-C97443FC1780}.Release|Any CPU.Build.0 = Release|Any CPU
		{0F88473F-2F9A-4766-9C5A-8684147D4FE0}.Debug|Any CPU.ActiveCfg = Debug|Any CPU
		{0F88473F-2F9A-4766-9C5A-8684147D4FE0}.Debug|Any CPU.Build.0 = Debug|Any CPU
		{0F88473F-2F9A-4766-9C5A-8684147D4FE0}.Release|Any CPU.ActiveCfg = Release|Any CPU
		{0F88473F-2F9A-4766-9C5A-8684147D4FE0}.Release|Any CPU.Build.0 = Release|Any CPU
		{53F37FD1-4DBC-4E1C-BF0B-84555D7E682D}.Debug|Any CPU.ActiveCfg = Debug|Any CPU
		{53F37FD1-4DBC-4E1C-BF0B-84555D7E682D}.Debug|Any CPU.Build.0 = Debug|Any CPU
		{53F37FD1-4DBC-4E1C-BF0B-84555D7E682D}.Release|Any CPU.ActiveCfg = Release|Any CPU
		{53F37FD1-4DBC-4E1C-BF0B-84555D7E682D}.Release|Any CPU.Build.0 = Release|Any CPU
	EndGlobalSection
	GlobalSection(SolutionProperties) = preSolution
		HideSolutionNode = FALSE
	EndGlobalSection
	GlobalSection(ExtensibilityGlobals) = postSolution
		SolutionGuid = {CF67B1EE-FD20-4ABB-A5A0-D5F7709347AE}
	EndGlobalSection
EndGlobal
